<?xml version="1.0" encoding="utf-8"?>
<Project ToolsVersion="4.0" xmlns="http://schemas.microsoft.com/developer/msbuild/2003">
  <ItemGroup>
    <Filter Include="Source Files">
      <UniqueIdentifier>{4FC737F1-C7A5-4376-A066-2A32D752A2FF}</UniqueIdentifier>
      <Extensions>cpp;c;cc;cxx;c++;cppm;ixx;def;odl;idl;hpj;bat;asm;asmx</Extensions>
    </Filter>
    <Filter Include="Header Files">
      <UniqueIdentifier>{93995380-89BD-4b04-88EB-625FBE52EBFB}</UniqueIdentifier>
      <Extensions>h;hh;hpp;hxx;h++;hm;inl;inc;ipp;xsd</Extensions>
    </Filter>
    <Filter Include="Resource Files">
      <UniqueIdentifier>{67DA6AB6-F800-4c08-8B7A-83BB121AAD01}</UniqueIdentifier>
      <Extensions>rc;ico;cur;bmp;dlg;rc2;rct;bin;rgs;gif;jpg;jpeg;jpe;resx;tiff;tif;png;wav;mfcribbon-ms</Extensions>
    </Filter>
  </ItemGroup>
  <ItemGroup>
    <None Include="README.md" />
    <None Include="SFPhysics\packages.config" />
    <None Include="SFPhysics\SFPhysics.vcxproj" />
    <None Include="SFPhysics\SFPhysics.vcxproj.filters" />
  </ItemGroup>
  <ItemGroup>
    <Text Include="Services\EngineServices\CallService\Org.txt" />
  </ItemGroup>
  <ItemGroup>
    <ClInclude Include="Forwards\CallService.h">
      <Filter>Header Files</Filter>
    </ClInclude>
    <ClInclude Include="Forwards\GameServices.h">
      <Filter>Header Files</Filter>
    </ClInclude>
    <ClInclude Include="Forwards\InputService.h">
      <Filter>Header Files</Filter>
    </ClInclude>
    <ClInclude Include="Forwards\PhysicsService.h">
      <Filter>Header Files</Filter>
    </ClInclude>
    <ClInclude Include="Forwards\RenderService.h">
      <Filter>Header Files</Filter>
    </ClInclude>
    <ClInclude Include="Forwards\ResourceService.h">
      <Filter>Header Files</Filter>
    </ClInclude>
    <ClInclude Include="Forwards\ServiceControl.h">
      <Filter>Header Files</Filter>
    </ClInclude>
    <ClInclude Include="Forwards\Services.h">
      <Filter>Header Files</Filter>
    </ClInclude>
    <ClInclude Include="GameObjects\ARC.h">
      <Filter>Header Files</Filter>
    </ClInclude>
    <ClInclude Include="GameObjects\Asteroid.h">
      <Filter>Header Files</Filter>
    </ClInclude>
    <ClInclude Include="GameObjects\Cache.h">
      <Filter>Header Files</Filter>
    </ClInclude>
    <ClInclude Include="GameObjects\GameObjectInterface.h">
      <Filter>Header Files</Filter>
    </ClInclude>
    <ClInclude Include="GameObjects\Laser.h">
      <Filter>Header Files</Filter>
    </ClInclude>
    <ClInclude Include="GameObjects\SCOOP.h">
      <Filter>Header Files</Filter>
    </ClInclude>
    <ClInclude Include="GameObjects\SWORD.h">
      <Filter>Header Files</Filter>
    </ClInclude>
    <ClInclude Include="GameObjects\World.h">
      <Filter>Header Files</Filter>
    </ClInclude>
    <ClInclude Include="Services\EngineServices\AudioService\AudioService.h">
      <Filter>Header Files</Filter>
    </ClInclude>
    <ClInclude Include="Services\EngineServices\CallService\CallOrder.h">
      <Filter>Header Files</Filter>
    </ClInclude>
    <ClInclude Include="Services\EngineServices\CallService\CallService.h">
      <Filter>Header Files</Filter>
    </ClInclude>
    <ClInclude Include="Services\EngineServices\InputService\InputService.h">
      <Filter>Header Files</Filter>
    </ClInclude>
    <ClInclude Include="Services\EngineServices\PhysicsService\Body.h">
      <Filter>Header Files</Filter>
    </ClInclude>
    <ClInclude Include="Services\EngineServices\PhysicsService\Bounds.h">
      <Filter>Header Files</Filter>
    </ClInclude>
    <ClInclude Include="Services\EngineServices\PhysicsService\PhysicsService.h">
      <Filter>Header Files</Filter>
    </ClInclude>
    <ClInclude Include="Services\EngineServices\RenderService\RenderObject.h">
      <Filter>Header Files</Filter>
    </ClInclude>
    <ClInclude Include="Services\EngineServices\RenderService\RenderService.h">
      <Filter>Header Files</Filter>
    </ClInclude>
    <ClInclude Include="Services\EngineServices\ResourceService\ResourceService.h">
      <Filter>Header Files</Filter>
    </ClInclude>
    <ClInclude Include="Services\GameServices\AsteroidService\AsteroidService.h">
      <Filter>Header Files</Filter>
    </ClInclude>
    <ClInclude Include="Services\GameServices\PoolService\ObjectPool.h">
      <Filter>Header Files</Filter>
    </ClInclude>
    <ClInclude Include="Services\GameServices\PoolService\ObjectPoolInterface.h">
      <Filter>Header Files</Filter>
    </ClInclude>
    <ClInclude Include="Services\GameServices\PoolService\PoolService.h">
      <Filter>Header Files</Filter>
    </ClInclude>
    <ClInclude Include="Services\GameServices\SwordService\SwordService.h">
      <Filter>Header Files</Filter>
    </ClInclude>
    <ClInclude Include="Services\ServiceInterface.h">
      <Filter>Header Files</Filter>
    </ClInclude>
    <ClInclude Include="Services\ServiceManager.h">
      <Filter>Header Files</Filter>
    </ClInclude>
  </ItemGroup>
  <ItemGroup>
    <ClCompile Include="GameObjects\ARC.cpp">
      <Filter>Source Files</Filter>
    </ClCompile>
    <ClCompile Include="GameObjects\Asteroid.cpp">
      <Filter>Source Files</Filter>
    </ClCompile>
    <ClCompile Include="GameObjects\Cache.cpp">
      <Filter>Source Files</Filter>
    </ClCompile>
    <ClCompile Include="GameObjects\Laser.cpp">
      <Filter>Source Files</Filter>
    </ClCompile>
    <ClCompile Include="GameObjects\SCOOP.cpp">
      <Filter>Source Files</Filter>
    </ClCompile>
    <ClCompile Include="GameObjects\SWORD.cpp">
      <Filter>Source Files</Filter>
    </ClCompile>
    <ClCompile Include="GameObjects\World.cpp">
      <Filter>Source Files</Filter>
    </ClCompile>
    <ClCompile Include="Services\EngineServices\AudioService\AudioService.cpp">
      <Filter>Source Files</Filter>
    </ClCompile>
    <ClCompile Include="Services\EngineServices\CallService\CallService.cpp">
      <Filter>Source Files</Filter>
    </ClCompile>
    <ClCompile Include="Services\EngineServices\InputService\InputService.cpp">
      <Filter>Source Files</Filter>
    </ClCompile>
    <ClCompile Include="Services\EngineServices\PhysicsService\Body.cpp">
      <Filter>Source Files</Filter>
    </ClCompile>
    <ClCompile Include="Services\EngineServices\PhysicsService\Bounds.cpp">
      <Filter>Source Files</Filter>
    </ClCompile>
    <ClCompile Include="Services\EngineServices\PhysicsService\PhysicsService.cpp">
      <Filter>Source Files</Filter>
    </ClCompile>
    <ClCompile Include="Services\EngineServices\RenderService\RenderService.cpp">
      <Filter>Source Files</Filter>
    </ClCompile>
    <ClCompile Include="Services\EngineServices\ResourceService\ResourceService.cpp">
      <Filter>Source Files</Filter>
    </ClCompile>
    <ClCompile Include="Services\GameServices\AsteroidService\AsteroidService.cpp">
      <Filter>Source Files</Filter>
    </ClCompile>
    <ClCompile Include="Services\GameServices\PoolService\PoolService.cpp">
      <Filter>Source Files</Filter>
    </ClCompile>
    <ClCompile Include="Services\GameServices\SwordService\SwordService.cpp">
      <Filter>Source Files</Filter>
    </ClCompile>
    <ClCompile Include="Services\ServiceManager.cpp">
      <Filter>Source Files</Filter>
    </ClCompile>
    <ClCompile Include="bootstrapper.cpp">
      <Filter>Source Files</Filter>
    </ClCompile>
  </ItemGroup>
</Project>